// !$*UTF8*$!
{
	archiveVersion = 1;
	classes = {
	};
	objectVersion = 46;
	objects = {

/* Begin PBXBuildFile section */
		4E00FFAC1BF665AF00F537B8 /* MKAnnotationView+WebCache.m in Sources */ = {isa = PBXBuildFile; fileRef = 4E00FF8C1BF665AF00F537B8 /* MKAnnotationView+WebCache.m */; };
		4E00FFAD1BF665AF00F537B8 /* NSData+ImageContentType.m in Sources */ = {isa = PBXBuildFile; fileRef = 4E00FF8E1BF665AF00F537B8 /* NSData+ImageContentType.m */; };
		4E00FFAE1BF665AF00F537B8 /* SDImageCache.m in Sources */ = {isa = PBXBuildFile; fileRef = 4E00FF901BF665AF00F537B8 /* SDImageCache.m */; };
		4E00FFAF1BF665AF00F537B8 /* SDWebImageCompat.m in Sources */ = {isa = PBXBuildFile; fileRef = 4E00FF921BF665AF00F537B8 /* SDWebImageCompat.m */; };
		4E00FFB01BF665AF00F537B8 /* SDWebImageDecoder.m in Sources */ = {isa = PBXBuildFile; fileRef = 4E00FF941BF665AF00F537B8 /* SDWebImageDecoder.m */; };
		4E00FFB11BF665AF00F537B8 /* SDWebImageDownloader.m in Sources */ = {isa = PBXBuildFile; fileRef = 4E00FF961BF665AF00F537B8 /* SDWebImageDownloader.m */; };
		4E00FFB21BF665AF00F537B8 /* SDWebImageDownloaderOperation.m in Sources */ = {isa = PBXBuildFile; fileRef = 4E00FF981BF665AF00F537B8 /* SDWebImageDownloaderOperation.m */; };
		4E00FFB31BF665AF00F537B8 /* SDWebImageManager.m in Sources */ = {isa = PBXBuildFile; fileRef = 4E00FF9A1BF665AF00F537B8 /* SDWebImageManager.m */; };
		4E00FFB41BF665AF00F537B8 /* SDWebImagePrefetcher.m in Sources */ = {isa = PBXBuildFile; fileRef = 4E00FF9D1BF665AF00F537B8 /* SDWebImagePrefetcher.m */; };
		4E00FFB51BF665AF00F537B8 /* UIButton+WebCache.m in Sources */ = {isa = PBXBuildFile; fileRef = 4E00FF9F1BF665AF00F537B8 /* UIButton+WebCache.m */; };
		4E00FFB61BF665AF00F537B8 /* UIImage+GIF.m in Sources */ = {isa = PBXBuildFile; fileRef = 4E00FFA11BF665AF00F537B8 /* UIImage+GIF.m */; };
		4E00FFB71BF665AF00F537B8 /* UIImage+MultiFormat.m in Sources */ = {isa = PBXBuildFile; fileRef = 4E00FFA31BF665AF00F537B8 /* UIImage+MultiFormat.m */; };
		4E00FFB81BF665AF00F537B8 /* UIImage+WebP.m in Sources */ = {isa = PBXBuildFile; fileRef = 4E00FFA51BF665AF00F537B8 /* UIImage+WebP.m */; };
		4E00FFB91BF665AF00F537B8 /* UIImageView+HighlightedWebCache.m in Sources */ = {isa = PBXBuildFile; fileRef = 4E00FFA71BF665AF00F537B8 /* UIImageView+HighlightedWebCache.m */; };
		4E00FFBA1BF665AF00F537B8 /* UIImageView+WebCache.m in Sources */ = {isa = PBXBuildFile; fileRef = 4E00FFA91BF665AF00F537B8 /* UIImageView+WebCache.m */; };
		4E00FFBB1BF665AF00F537B8 /* UIView+WebCacheOperation.m in Sources */ = {isa = PBXBuildFile; fileRef = 4E00FFAB1BF665AF00F537B8 /* UIView+WebCacheOperation.m */; };
		4EBF24A81BF4D61600D436ED /* Util.m in Sources */ = {isa = PBXBuildFile; fileRef = 4EBF24A71BF4D61600D436ED /* Util.m */; };
		4EBF24AB1BF4D62D00D436ED /* WS.m in Sources */ = {isa = PBXBuildFile; fileRef = 4EBF24AA1BF4D62D00D436ED /* WS.m */; };
		4EBF24AE1BF4D64200D436ED /* Constants.m in Sources */ = {isa = PBXBuildFile; fileRef = 4EBF24AD1BF4D64200D436ED /* Constants.m */; };
		9DA7C2F71BF8FDF30004C9BA /* Bolts.framework in Frameworks */ = {isa = PBXBuildFile; fileRef = 9DA7C2F51BF8FDF20004C9BA /* Bolts.framework */; };
		9DA7C2F81BF8FDF30004C9BA /* Parse.framework in Frameworks */ = {isa = PBXBuildFile; fileRef = 9DA7C2F61BF8FDF30004C9BA /* Parse.framework */; };
		9DA7C2FA1BF8FE310004C9BA /* AudioToolbox.framework in Frameworks */ = {isa = PBXBuildFile; fileRef = 9DA7C2F91BF8FE310004C9BA /* AudioToolbox.framework */; };
		9DA7C2FC1BF8FE480004C9BA /* CFNetwork.framework in Frameworks */ = {isa = PBXBuildFile; fileRef = 9DA7C2FB1BF8FE480004C9BA /* CFNetwork.framework */; };
		9DA7C2FE1BF8FE520004C9BA /* CoreGraphics.framework in Frameworks */ = {isa = PBXBuildFile; fileRef = 9DA7C2FD1BF8FE520004C9BA /* CoreGraphics.framework */; };
		9DA7C3001BF8FE5C0004C9BA /* CoreLocation.framework in Frameworks */ = {isa = PBXBuildFile; fileRef = 9DA7C2FF1BF8FE5C0004C9BA /* CoreLocation.framework */; };
		9DA7C3021BF8FE650004C9BA /* QuartzCore.framework in Frameworks */ = {isa = PBXBuildFile; fileRef = 9DA7C3011BF8FE650004C9BA /* QuartzCore.framework */; };
		9DA7C3041BF8FE6F0004C9BA /* Security.framework in Frameworks */ = {isa = PBXBuildFile; fileRef = 9DA7C3031BF8FE6F0004C9BA /* Security.framework */; };
		9DA7C3061BF8FE790004C9BA /* StoreKit.framework in Frameworks */ = {isa = PBXBuildFile; fileRef = 9DA7C3051BF8FE790004C9BA /* StoreKit.framework */; };
		9DA7C3081BF8FE830004C9BA /* SystemConfiguration.framework in Frameworks */ = {isa = PBXBuildFile; fileRef = 9DA7C3071BF8FE830004C9BA /* SystemConfiguration.framework */; };
		9DA7C30A1BF8FE950004C9BA /* libz.tbd in Frameworks */ = {isa = PBXBuildFile; fileRef = 9DA7C3091BF8FE950004C9BA /* libz.tbd */; };
		9DA7C30C1BF8FE9E0004C9BA /* libsqlite3.tbd in Frameworks */ = {isa = PBXBuildFile; fileRef = 9DA7C30B1BF8FE9E0004C9BA /* libsqlite3.tbd */; };
		9DA7C3101BF904380004C9BA /* PFUser+Digits.m in Sources */ = {isa = PBXBuildFile; fileRef = 9DA7C30F1BF904380004C9BA /* PFUser+Digits.m */; };
		9DA7C3161BF90F750004C9BA /* AddButton.m in Sources */ = {isa = PBXBuildFile; fileRef = 9DA7C3151BF90F750004C9BA /* AddButton.m */; };
		9DA7C3191BF915340004C9BA /* TasksTableViewController.m in Sources */ = {isa = PBXBuildFile; fileRef = 9DA7C3181BF915340004C9BA /* TasksTableViewController.m */; };
		9DAA635F1BFC33AF00924BAC /* UINavigationBar+Awesome.m in Sources */ = {isa = PBXBuildFile; fileRef = 9DAA635E1BFC33AF00924BAC /* UINavigationBar+Awesome.m */; };
		9DC671C31BF776AE00AD02ED /* Fabric.framework in Frameworks */ = {isa = PBXBuildFile; fileRef = 9DC671BF1BF776AD00AD02ED /* Fabric.framework */; };
		9DC671C41BF776AE00AD02ED /* DigitsKit.framework in Frameworks */ = {isa = PBXBuildFile; fileRef = 9DC671C01BF776AE00AD02ED /* DigitsKit.framework */; };
		9DC671C51BF776AE00AD02ED /* DigitsKitResources.bundle in Resources */ = {isa = PBXBuildFile; fileRef = 9DC671C11BF776AE00AD02ED /* DigitsKitResources.bundle */; };
		9DC671C61BF776AE00AD02ED /* TwitterCore.framework in Frameworks */ = {isa = PBXBuildFile; fileRef = 9DC671C21BF776AE00AD02ED /* TwitterCore.framework */; };
		9DC671C91BF7788A00AD02ED /* LoginViewController.m in Sources */ = {isa = PBXBuildFile; fileRef = 9DC671C81BF7788A00AD02ED /* LoginViewController.m */; };
		9DC671CC1BF795CE00AD02ED /* UIColor+WithMe.m in Sources */ = {isa = PBXBuildFile; fileRef = 9DC671CB1BF795CE00AD02ED /* UIColor+WithMe.m */; };
		9DF0A4ED1BF1A8140043B95F /* main.m in Sources */ = {isa = PBXBuildFile; fileRef = 9DF0A4EC1BF1A8140043B95F /* main.m */; };
		9DF0A4F01BF1A8140043B95F /* AppDelegate.m in Sources */ = {isa = PBXBuildFile; fileRef = 9DF0A4EF1BF1A8140043B95F /* AppDelegate.m */; };
		9DF0A4F31BF1A8140043B95F /* ViewController.m in Sources */ = {isa = PBXBuildFile; fileRef = 9DF0A4F21BF1A8140043B95F /* ViewController.m */; };
		9DF0A4F61BF1A8140043B95F /* Main.storyboard in Resources */ = {isa = PBXBuildFile; fileRef = 9DF0A4F41BF1A8140043B95F /* Main.storyboard */; };
		9DF0A4F81BF1A8140043B95F /* Assets.xcassets in Resources */ = {isa = PBXBuildFile; fileRef = 9DF0A4F71BF1A8140043B95F /* Assets.xcassets */; };
		9DF0A4FB1BF1A8140043B95F /* LaunchScreen.storyboard in Resources */ = {isa = PBXBuildFile; fileRef = 9DF0A4F91BF1A8140043B95F /* LaunchScreen.storyboard */; };
		9DF0A5051BF1ABB60043B95F /* SearchTableViewController.m in Sources */ = {isa = PBXBuildFile; fileRef = 9DF0A5041BF1ABB60043B95F /* SearchTableViewController.m */; };
		9DF0A5091BF1ADEB0043B95F /* Movie.m in Sources */ = {isa = PBXBuildFile; fileRef = 9DF0A5081BF1ADEB0043B95F /* Movie.m */; };
		9DFB1A9E1BFAD009008857EA /* MovieViewController.m in Sources */ = {isa = PBXBuildFile; fileRef = 9DFB1A9D1BFAD009008857EA /* MovieViewController.m */; };
/* End PBXBuildFile section */

/* Begin PBXFileReference section */
		4E00FF8B1BF665AF00F537B8 /* MKAnnotationView+WebCache.h */ = {isa = PBXFileReference; fileEncoding = 4; lastKnownFileType = sourcecode.c.h; path = "MKAnnotationView+WebCache.h"; sourceTree = "<group>"; };
		4E00FF8C1BF665AF00F537B8 /* MKAnnotationView+WebCache.m */ = {isa = PBXFileReference; fileEncoding = 4; lastKnownFileType = sourcecode.c.objc; path = "MKAnnotationView+WebCache.m"; sourceTree = "<group>"; };
		4E00FF8D1BF665AF00F537B8 /* NSData+ImageContentType.h */ = {isa = PBXFileReference; fileEncoding = 4; lastKnownFileType = sourcecode.c.h; path = "NSData+ImageContentType.h"; sourceTree = "<group>"; };
		4E00FF8E1BF665AF00F537B8 /* NSData+ImageContentType.m */ = {isa = PBXFileReference; fileEncoding = 4; lastKnownFileType = sourcecode.c.objc; path = "NSData+ImageContentType.m"; sourceTree = "<group>"; };
		4E00FF8F1BF665AF00F537B8 /* SDImageCache.h */ = {isa = PBXFileReference; fileEncoding = 4; lastKnownFileType = sourcecode.c.h; path = SDImageCache.h; sourceTree = "<group>"; };
		4E00FF901BF665AF00F537B8 /* SDImageCache.m */ = {isa = PBXFileReference; fileEncoding = 4; lastKnownFileType = sourcecode.c.objc; path = SDImageCache.m; sourceTree = "<group>"; };
		4E00FF911BF665AF00F537B8 /* SDWebImageCompat.h */ = {isa = PBXFileReference; fileEncoding = 4; lastKnownFileType = sourcecode.c.h; path = SDWebImageCompat.h; sourceTree = "<group>"; };
		4E00FF921BF665AF00F537B8 /* SDWebImageCompat.m */ = {isa = PBXFileReference; fileEncoding = 4; lastKnownFileType = sourcecode.c.objc; path = SDWebImageCompat.m; sourceTree = "<group>"; };
		4E00FF931BF665AF00F537B8 /* SDWebImageDecoder.h */ = {isa = PBXFileReference; fileEncoding = 4; lastKnownFileType = sourcecode.c.h; path = SDWebImageDecoder.h; sourceTree = "<group>"; };
		4E00FF941BF665AF00F537B8 /* SDWebImageDecoder.m */ = {isa = PBXFileReference; fileEncoding = 4; lastKnownFileType = sourcecode.c.objc; path = SDWebImageDecoder.m; sourceTree = "<group>"; };
		4E00FF951BF665AF00F537B8 /* SDWebImageDownloader.h */ = {isa = PBXFileReference; fileEncoding = 4; lastKnownFileType = sourcecode.c.h; path = SDWebImageDownloader.h; sourceTree = "<group>"; };
		4E00FF961BF665AF00F537B8 /* SDWebImageDownloader.m */ = {isa = PBXFileReference; fileEncoding = 4; lastKnownFileType = sourcecode.c.objc; path = SDWebImageDownloader.m; sourceTree = "<group>"; };
		4E00FF971BF665AF00F537B8 /* SDWebImageDownloaderOperation.h */ = {isa = PBXFileReference; fileEncoding = 4; lastKnownFileType = sourcecode.c.h; path = SDWebImageDownloaderOperation.h; sourceTree = "<group>"; };
		4E00FF981BF665AF00F537B8 /* SDWebImageDownloaderOperation.m */ = {isa = PBXFileReference; fileEncoding = 4; lastKnownFileType = sourcecode.c.objc; path = SDWebImageDownloaderOperation.m; sourceTree = "<group>"; };
		4E00FF991BF665AF00F537B8 /* SDWebImageManager.h */ = {isa = PBXFileReference; fileEncoding = 4; lastKnownFileType = sourcecode.c.h; path = SDWebImageManager.h; sourceTree = "<group>"; };
		4E00FF9A1BF665AF00F537B8 /* SDWebImageManager.m */ = {isa = PBXFileReference; fileEncoding = 4; lastKnownFileType = sourcecode.c.objc; path = SDWebImageManager.m; sourceTree = "<group>"; };
		4E00FF9B1BF665AF00F537B8 /* SDWebImageOperation.h */ = {isa = PBXFileReference; fileEncoding = 4; lastKnownFileType = sourcecode.c.h; path = SDWebImageOperation.h; sourceTree = "<group>"; };
		4E00FF9C1BF665AF00F537B8 /* SDWebImagePrefetcher.h */ = {isa = PBXFileReference; fileEncoding = 4; lastKnownFileType = sourcecode.c.h; path = SDWebImagePrefetcher.h; sourceTree = "<group>"; };
		4E00FF9D1BF665AF00F537B8 /* SDWebImagePrefetcher.m */ = {isa = PBXFileReference; fileEncoding = 4; lastKnownFileType = sourcecode.c.objc; path = SDWebImagePrefetcher.m; sourceTree = "<group>"; };
		4E00FF9E1BF665AF00F537B8 /* UIButton+WebCache.h */ = {isa = PBXFileReference; fileEncoding = 4; lastKnownFileType = sourcecode.c.h; path = "UIButton+WebCache.h"; sourceTree = "<group>"; };
		4E00FF9F1BF665AF00F537B8 /* UIButton+WebCache.m */ = {isa = PBXFileReference; fileEncoding = 4; lastKnownFileType = sourcecode.c.objc; path = "UIButton+WebCache.m"; sourceTree = "<group>"; };
		4E00FFA01BF665AF00F537B8 /* UIImage+GIF.h */ = {isa = PBXFileReference; fileEncoding = 4; lastKnownFileType = sourcecode.c.h; path = "UIImage+GIF.h"; sourceTree = "<group>"; };
		4E00FFA11BF665AF00F537B8 /* UIImage+GIF.m */ = {isa = PBXFileReference; fileEncoding = 4; lastKnownFileType = sourcecode.c.objc; path = "UIImage+GIF.m"; sourceTree = "<group>"; };
		4E00FFA21BF665AF00F537B8 /* UIImage+MultiFormat.h */ = {isa = PBXFileReference; fileEncoding = 4; lastKnownFileType = sourcecode.c.h; path = "UIImage+MultiFormat.h"; sourceTree = "<group>"; };
		4E00FFA31BF665AF00F537B8 /* UIImage+MultiFormat.m */ = {isa = PBXFileReference; fileEncoding = 4; lastKnownFileType = sourcecode.c.objc; path = "UIImage+MultiFormat.m"; sourceTree = "<group>"; };
		4E00FFA41BF665AF00F537B8 /* UIImage+WebP.h */ = {isa = PBXFileReference; fileEncoding = 4; lastKnownFileType = sourcecode.c.h; path = "UIImage+WebP.h"; sourceTree = "<group>"; };
		4E00FFA51BF665AF00F537B8 /* UIImage+WebP.m */ = {isa = PBXFileReference; fileEncoding = 4; lastKnownFileType = sourcecode.c.objc; path = "UIImage+WebP.m"; sourceTree = "<group>"; };
		4E00FFA61BF665AF00F537B8 /* UIImageView+HighlightedWebCache.h */ = {isa = PBXFileReference; fileEncoding = 4; lastKnownFileType = sourcecode.c.h; path = "UIImageView+HighlightedWebCache.h"; sourceTree = "<group>"; };
		4E00FFA71BF665AF00F537B8 /* UIImageView+HighlightedWebCache.m */ = {isa = PBXFileReference; fileEncoding = 4; lastKnownFileType = sourcecode.c.objc; path = "UIImageView+HighlightedWebCache.m"; sourceTree = "<group>"; };
		4E00FFA81BF665AF00F537B8 /* UIImageView+WebCache.h */ = {isa = PBXFileReference; fileEncoding = 4; lastKnownFileType = sourcecode.c.h; path = "UIImageView+WebCache.h"; sourceTree = "<group>"; };
		4E00FFA91BF665AF00F537B8 /* UIImageView+WebCache.m */ = {isa = PBXFileReference; fileEncoding = 4; lastKnownFileType = sourcecode.c.objc; path = "UIImageView+WebCache.m"; sourceTree = "<group>"; };
		4E00FFAA1BF665AF00F537B8 /* UIView+WebCacheOperation.h */ = {isa = PBXFileReference; fileEncoding = 4; lastKnownFileType = sourcecode.c.h; path = "UIView+WebCacheOperation.h"; sourceTree = "<group>"; };
		4E00FFAB1BF665AF00F537B8 /* UIView+WebCacheOperation.m */ = {isa = PBXFileReference; fileEncoding = 4; lastKnownFileType = sourcecode.c.objc; path = "UIView+WebCacheOperation.m"; sourceTree = "<group>"; };
		4EBF24A61BF4D61600D436ED /* Util.h */ = {isa = PBXFileReference; fileEncoding = 4; lastKnownFileType = sourcecode.c.h; name = Util.h; path = Util/Util.h; sourceTree = "<group>"; };
		4EBF24A71BF4D61600D436ED /* Util.m */ = {isa = PBXFileReference; fileEncoding = 4; lastKnownFileType = sourcecode.c.objc; name = Util.m; path = Util/Util.m; sourceTree = "<group>"; };
		4EBF24A91BF4D62D00D436ED /* WS.h */ = {isa = PBXFileReference; fileEncoding = 4; lastKnownFileType = sourcecode.c.h; name = WS.h; path = Util/WS.h; sourceTree = "<group>"; };
		4EBF24AA1BF4D62D00D436ED /* WS.m */ = {isa = PBXFileReference; fileEncoding = 4; lastKnownFileType = sourcecode.c.objc; name = WS.m; path = Util/WS.m; sourceTree = "<group>"; };
		4EBF24AC1BF4D64200D436ED /* Constants.h */ = {isa = PBXFileReference; fileEncoding = 4; lastKnownFileType = sourcecode.c.h; name = Constants.h; path = Util/Constants.h; sourceTree = "<group>"; };
		4EBF24AD1BF4D64200D436ED /* Constants.m */ = {isa = PBXFileReference; fileEncoding = 4; lastKnownFileType = sourcecode.c.objc; name = Constants.m; path = Util/Constants.m; sourceTree = "<group>"; };
		9DA7C2F51BF8FDF20004C9BA /* Bolts.framework */ = {isa = PBXFileReference; lastKnownFileType = wrapper.framework; path = Bolts.framework; sourceTree = "<group>"; };
		9DA7C2F61BF8FDF30004C9BA /* Parse.framework */ = {isa = PBXFileReference; lastKnownFileType = wrapper.framework; path = Parse.framework; sourceTree = "<group>"; };
		9DA7C2F91BF8FE310004C9BA /* AudioToolbox.framework */ = {isa = PBXFileReference; lastKnownFileType = wrapper.framework; name = AudioToolbox.framework; path = System/Library/Frameworks/AudioToolbox.framework; sourceTree = SDKROOT; };
		9DA7C2FB1BF8FE480004C9BA /* CFNetwork.framework */ = {isa = PBXFileReference; lastKnownFileType = wrapper.framework; name = CFNetwork.framework; path = System/Library/Frameworks/CFNetwork.framework; sourceTree = SDKROOT; };
		9DA7C2FD1BF8FE520004C9BA /* CoreGraphics.framework */ = {isa = PBXFileReference; lastKnownFileType = wrapper.framework; name = CoreGraphics.framework; path = System/Library/Frameworks/CoreGraphics.framework; sourceTree = SDKROOT; };
		9DA7C2FF1BF8FE5C0004C9BA /* CoreLocation.framework */ = {isa = PBXFileReference; lastKnownFileType = wrapper.framework; name = CoreLocation.framework; path = System/Library/Frameworks/CoreLocation.framework; sourceTree = SDKROOT; };
		9DA7C3011BF8FE650004C9BA /* QuartzCore.framework */ = {isa = PBXFileReference; lastKnownFileType = wrapper.framework; name = QuartzCore.framework; path = System/Library/Frameworks/QuartzCore.framework; sourceTree = SDKROOT; };
		9DA7C3031BF8FE6F0004C9BA /* Security.framework */ = {isa = PBXFileReference; lastKnownFileType = wrapper.framework; name = Security.framework; path = System/Library/Frameworks/Security.framework; sourceTree = SDKROOT; };
		9DA7C3051BF8FE790004C9BA /* StoreKit.framework */ = {isa = PBXFileReference; lastKnownFileType = wrapper.framework; name = StoreKit.framework; path = System/Library/Frameworks/StoreKit.framework; sourceTree = SDKROOT; };
		9DA7C3071BF8FE830004C9BA /* SystemConfiguration.framework */ = {isa = PBXFileReference; lastKnownFileType = wrapper.framework; name = SystemConfiguration.framework; path = System/Library/Frameworks/SystemConfiguration.framework; sourceTree = SDKROOT; };
		9DA7C3091BF8FE950004C9BA /* libz.tbd */ = {isa = PBXFileReference; lastKnownFileType = "sourcecode.text-based-dylib-definition"; name = libz.tbd; path = usr/lib/libz.tbd; sourceTree = SDKROOT; };
		9DA7C30B1BF8FE9E0004C9BA /* libsqlite3.tbd */ = {isa = PBXFileReference; lastKnownFileType = "sourcecode.text-based-dylib-definition"; name = libsqlite3.tbd; path = usr/lib/libsqlite3.tbd; sourceTree = SDKROOT; };
		9DA7C30E1BF904380004C9BA /* PFUser+Digits.h */ = {isa = PBXFileReference; fileEncoding = 4; lastKnownFileType = sourcecode.c.h; path = "PFUser+Digits.h"; sourceTree = "<group>"; };
		9DA7C30F1BF904380004C9BA /* PFUser+Digits.m */ = {isa = PBXFileReference; fileEncoding = 4; lastKnownFileType = sourcecode.c.objc; path = "PFUser+Digits.m"; sourceTree = "<group>"; };
		9DA7C3141BF90F750004C9BA /* AddButton.h */ = {isa = PBXFileReference; fileEncoding = 4; lastKnownFileType = sourcecode.c.h; name = AddButton.h; path = Util/AddButton.h; sourceTree = "<group>"; };
		9DA7C3151BF90F750004C9BA /* AddButton.m */ = {isa = PBXFileReference; fileEncoding = 4; lastKnownFileType = sourcecode.c.objc; name = AddButton.m; path = Util/AddButton.m; sourceTree = "<group>"; };
		9DA7C3171BF915340004C9BA /* TasksTableViewController.h */ = {isa = PBXFileReference; fileEncoding = 4; lastKnownFileType = sourcecode.c.h; name = TasksTableViewController.h; path = Controllers/TasksTableViewController.h; sourceTree = "<group>"; };
		9DA7C3181BF915340004C9BA /* TasksTableViewController.m */ = {isa = PBXFileReference; fileEncoding = 4; lastKnownFileType = sourcecode.c.objc; name = TasksTableViewController.m; path = Controllers/TasksTableViewController.m; sourceTree = "<group>"; };
		9DAA635D1BFC33AF00924BAC /* UINavigationBar+Awesome.h */ = {isa = PBXFileReference; fileEncoding = 4; lastKnownFileType = sourcecode.c.h; path = "UINavigationBar+Awesome.h"; sourceTree = "<group>"; };
		9DAA635E1BFC33AF00924BAC /* UINavigationBar+Awesome.m */ = {isa = PBXFileReference; fileEncoding = 4; lastKnownFileType = sourcecode.c.objc; path = "UINavigationBar+Awesome.m"; sourceTree = "<group>"; };
		9DC671BF1BF776AD00AD02ED /* Fabric.framework */ = {isa = PBXFileReference; lastKnownFileType = wrapper.framework; path = Fabric.framework; sourceTree = SOURCE_ROOT; };
		9DC671C01BF776AE00AD02ED /* DigitsKit.framework */ = {isa = PBXFileReference; lastKnownFileType = wrapper.framework; path = DigitsKit.framework; sourceTree = SOURCE_ROOT; };
		9DC671C11BF776AE00AD02ED /* DigitsKitResources.bundle */ = {isa = PBXFileReference; lastKnownFileType = "wrapper.plug-in"; name = DigitsKitResources.bundle; path = DigitsKit.framework/Versions/A/Resources/DigitsKitResources.bundle; sourceTree = SOURCE_ROOT; };
		9DC671C21BF776AE00AD02ED /* TwitterCore.framework */ = {isa = PBXFileReference; lastKnownFileType = wrapper.framework; path = TwitterCore.framework; sourceTree = SOURCE_ROOT; };
		9DC671C71BF7788A00AD02ED /* LoginViewController.h */ = {isa = PBXFileReference; fileEncoding = 4; lastKnownFileType = sourcecode.c.h; name = LoginViewController.h; path = Controllers/LoginViewController.h; sourceTree = "<group>"; };
		9DC671C81BF7788A00AD02ED /* LoginViewController.m */ = {isa = PBXFileReference; fileEncoding = 4; lastKnownFileType = sourcecode.c.objc; name = LoginViewController.m; path = Controllers/LoginViewController.m; sourceTree = "<group>"; };
		9DC671CA1BF795CD00AD02ED /* UIColor+WithMe.h */ = {isa = PBXFileReference; fileEncoding = 4; lastKnownFileType = sourcecode.c.h; name = "UIColor+WithMe.h"; path = "Util/UIColor+WithMe.h"; sourceTree = "<group>"; };
		9DC671CB1BF795CE00AD02ED /* UIColor+WithMe.m */ = {isa = PBXFileReference; fileEncoding = 4; lastKnownFileType = sourcecode.c.objc; name = "UIColor+WithMe.m"; path = "Util/UIColor+WithMe.m"; sourceTree = "<group>"; };
		9DF0A4E81BF1A8140043B95F /* WithMe.app */ = {isa = PBXFileReference; explicitFileType = wrapper.application; includeInIndex = 0; path = WithMe.app; sourceTree = BUILT_PRODUCTS_DIR; };
		9DF0A4EC1BF1A8140043B95F /* main.m */ = {isa = PBXFileReference; lastKnownFileType = sourcecode.c.objc; path = main.m; sourceTree = "<group>"; };
		9DF0A4EE1BF1A8140043B95F /* AppDelegate.h */ = {isa = PBXFileReference; lastKnownFileType = sourcecode.c.h; path = AppDelegate.h; sourceTree = "<group>"; };
		9DF0A4EF1BF1A8140043B95F /* AppDelegate.m */ = {isa = PBXFileReference; lastKnownFileType = sourcecode.c.objc; path = AppDelegate.m; sourceTree = "<group>"; };
		9DF0A4F11BF1A8140043B95F /* ViewController.h */ = {isa = PBXFileReference; lastKnownFileType = sourcecode.c.h; path = ViewController.h; sourceTree = "<group>"; };
		9DF0A4F21BF1A8140043B95F /* ViewController.m */ = {isa = PBXFileReference; lastKnownFileType = sourcecode.c.objc; path = ViewController.m; sourceTree = "<group>"; };
		9DF0A4F51BF1A8140043B95F /* Base */ = {isa = PBXFileReference; lastKnownFileType = file.storyboard; name = Base; path = Base.lproj/Main.storyboard; sourceTree = "<group>"; };
		9DF0A4F71BF1A8140043B95F /* Assets.xcassets */ = {isa = PBXFileReference; lastKnownFileType = folder.assetcatalog; path = Assets.xcassets; sourceTree = "<group>"; };
		9DF0A4FA1BF1A8140043B95F /* Base */ = {isa = PBXFileReference; lastKnownFileType = file.storyboard; name = Base; path = Base.lproj/LaunchScreen.storyboard; sourceTree = "<group>"; };
		9DF0A4FC1BF1A8140043B95F /* Info.plist */ = {isa = PBXFileReference; lastKnownFileType = text.plist.xml; path = Info.plist; sourceTree = "<group>"; };
		9DF0A5031BF1ABB60043B95F /* SearchTableViewController.h */ = {isa = PBXFileReference; fileEncoding = 4; lastKnownFileType = sourcecode.c.h; name = SearchTableViewController.h; path = Controllers/SearchTableViewController.h; sourceTree = "<group>"; };
		9DF0A5041BF1ABB60043B95F /* SearchTableViewController.m */ = {isa = PBXFileReference; fileEncoding = 4; lastKnownFileType = sourcecode.c.objc; name = SearchTableViewController.m; path = Controllers/SearchTableViewController.m; sourceTree = "<group>"; };
		9DF0A5071BF1ADEB0043B95F /* Movie.h */ = {isa = PBXFileReference; fileEncoding = 4; lastKnownFileType = sourcecode.c.h; name = Movie.h; path = Classes/Movie.h; sourceTree = "<group>"; };
		9DF0A5081BF1ADEB0043B95F /* Movie.m */ = {isa = PBXFileReference; fileEncoding = 4; lastKnownFileType = sourcecode.c.objc; name = Movie.m; path = Classes/Movie.m; sourceTree = "<group>"; };
		9DFB1A9C1BFAD009008857EA /* MovieViewController.h */ = {isa = PBXFileReference; fileEncoding = 4; lastKnownFileType = sourcecode.c.h; name = MovieViewController.h; path = Controllers/MovieViewController.h; sourceTree = "<group>"; };
		9DFB1A9D1BFAD009008857EA /* MovieViewController.m */ = {isa = PBXFileReference; fileEncoding = 4; lastKnownFileType = sourcecode.c.objc; name = MovieViewController.m; path = Controllers/MovieViewController.m; sourceTree = "<group>"; };
/* End PBXFileReference section */

/* Begin PBXFrameworksBuildPhase section */
		9DF0A4E51BF1A8130043B95F /* Frameworks */ = {
			isa = PBXFrameworksBuildPhase;
			buildActionMask = 2147483647;
			files = (
				9DA7C30C1BF8FE9E0004C9BA /* libsqlite3.tbd in Frameworks */,
				9DA7C30A1BF8FE950004C9BA /* libz.tbd in Frameworks */,
				9DA7C3081BF8FE830004C9BA /* SystemConfiguration.framework in Frameworks */,
				9DA7C3061BF8FE790004C9BA /* StoreKit.framework in Frameworks */,
				9DA7C3041BF8FE6F0004C9BA /* Security.framework in Frameworks */,
				9DA7C3021BF8FE650004C9BA /* QuartzCore.framework in Frameworks */,
				9DA7C3001BF8FE5C0004C9BA /* CoreLocation.framework in Frameworks */,
				9DA7C2FE1BF8FE520004C9BA /* CoreGraphics.framework in Frameworks */,
				9DA7C2FC1BF8FE480004C9BA /* CFNetwork.framework in Frameworks */,
				9DA7C2FA1BF8FE310004C9BA /* AudioToolbox.framework in Frameworks */,
				9DC671C31BF776AE00AD02ED /* Fabric.framework in Frameworks */,
				9DC671C61BF776AE00AD02ED /* TwitterCore.framework in Frameworks */,
				9DC671C41BF776AE00AD02ED /* DigitsKit.framework in Frameworks */,
				9DA7C2F71BF8FDF30004C9BA /* Bolts.framework in Frameworks */,
				9DA7C2F81BF8FDF30004C9BA /* Parse.framework in Frameworks */,
			);
			runOnlyForDeploymentPostprocessing = 0;
		};
/* End PBXFrameworksBuildPhase section */

/* Begin PBXGroup section */
		4E00FF891BF54B3400F537B8 /* Libs */ = {
			isa = PBXGroup;
			children = (
				9DAA635C1BFC339900924BAC /* NavigationBar */,
				9DA7C3121BF905F70004C9BA /* Others */,
				9DA7C3111BF904450004C9BA /* Digits */,
				9DA7C30D1BF903B60004C9BA /* ParseDigits */,
				9DA7C2F41BF8FDA60004C9BA /* Parse */,
				4E00FF8A1BF665AF00F537B8 /* SDWebImage */,
			);
			name = Libs;
			sourceTree = "<group>";
		};
		4E00FF8A1BF665AF00F537B8 /* SDWebImage */ = {
			isa = PBXGroup;
			children = (
				4E00FF8B1BF665AF00F537B8 /* MKAnnotationView+WebCache.h */,
				4E00FF8C1BF665AF00F537B8 /* MKAnnotationView+WebCache.m */,
				4E00FF8D1BF665AF00F537B8 /* NSData+ImageContentType.h */,
				4E00FF8E1BF665AF00F537B8 /* NSData+ImageContentType.m */,
				4E00FF8F1BF665AF00F537B8 /* SDImageCache.h */,
				4E00FF901BF665AF00F537B8 /* SDImageCache.m */,
				4E00FF911BF665AF00F537B8 /* SDWebImageCompat.h */,
				4E00FF921BF665AF00F537B8 /* SDWebImageCompat.m */,
				4E00FF931BF665AF00F537B8 /* SDWebImageDecoder.h */,
				4E00FF941BF665AF00F537B8 /* SDWebImageDecoder.m */,
				4E00FF951BF665AF00F537B8 /* SDWebImageDownloader.h */,
				4E00FF961BF665AF00F537B8 /* SDWebImageDownloader.m */,
				4E00FF971BF665AF00F537B8 /* SDWebImageDownloaderOperation.h */,
				4E00FF981BF665AF00F537B8 /* SDWebImageDownloaderOperation.m */,
				4E00FF991BF665AF00F537B8 /* SDWebImageManager.h */,
				4E00FF9A1BF665AF00F537B8 /* SDWebImageManager.m */,
				4E00FF9B1BF665AF00F537B8 /* SDWebImageOperation.h */,
				4E00FF9C1BF665AF00F537B8 /* SDWebImagePrefetcher.h */,
				4E00FF9D1BF665AF00F537B8 /* SDWebImagePrefetcher.m */,
				4E00FF9E1BF665AF00F537B8 /* UIButton+WebCache.h */,
				4E00FF9F1BF665AF00F537B8 /* UIButton+WebCache.m */,
				4E00FFA01BF665AF00F537B8 /* UIImage+GIF.h */,
				4E00FFA11BF665AF00F537B8 /* UIImage+GIF.m */,
				4E00FFA21BF665AF00F537B8 /* UIImage+MultiFormat.h */,
				4E00FFA31BF665AF00F537B8 /* UIImage+MultiFormat.m */,
				4E00FFA41BF665AF00F537B8 /* UIImage+WebP.h */,
				4E00FFA51BF665AF00F537B8 /* UIImage+WebP.m */,
				4E00FFA61BF665AF00F537B8 /* UIImageView+HighlightedWebCache.h */,
				4E00FFA71BF665AF00F537B8 /* UIImageView+HighlightedWebCache.m */,
				4E00FFA81BF665AF00F537B8 /* UIImageView+WebCache.h */,
				4E00FFA91BF665AF00F537B8 /* UIImageView+WebCache.m */,
				4E00FFAA1BF665AF00F537B8 /* UIView+WebCacheOperation.h */,
				4E00FFAB1BF665AF00F537B8 /* UIView+WebCacheOperation.m */,
			);
			path = SDWebImage;
			sourceTree = "<group>";
		};
		4EBF24A51BF4D29000D436ED /* Util */ = {
			isa = PBXGroup;
			children = (
				9DA7C3131BF90F510004C9BA /* Custom */,
				4EBF24A61BF4D61600D436ED /* Util.h */,
				4EBF24A71BF4D61600D436ED /* Util.m */,
				4EBF24A91BF4D62D00D436ED /* WS.h */,
				4EBF24AA1BF4D62D00D436ED /* WS.m */,
				4EBF24AC1BF4D64200D436ED /* Constants.h */,
				4EBF24AD1BF4D64200D436ED /* Constants.m */,
				9DC671CA1BF795CD00AD02ED /* UIColor+WithMe.h */,
				9DC671CB1BF795CE00AD02ED /* UIColor+WithMe.m */,
			);
			name = Util;
			sourceTree = "<group>";
		};
		9DA7C2F41BF8FDA60004C9BA /* Parse */ = {
			isa = PBXGroup;
			children = (
				9DA7C2F51BF8FDF20004C9BA /* Bolts.framework */,
				9DA7C2F61BF8FDF30004C9BA /* Parse.framework */,
			);
			name = Parse;
			sourceTree = "<group>";
		};
		9DA7C30D1BF903B60004C9BA /* ParseDigits */ = {
			isa = PBXGroup;
			children = (
				9DA7C30E1BF904380004C9BA /* PFUser+Digits.h */,
				9DA7C30F1BF904380004C9BA /* PFUser+Digits.m */,
			);
			name = ParseDigits;
			sourceTree = "<group>";
		};
		9DA7C3111BF904450004C9BA /* Digits */ = {
			isa = PBXGroup;
			children = (
				9DC671BF1BF776AD00AD02ED /* Fabric.framework */,
				9DC671C01BF776AE00AD02ED /* DigitsKit.framework */,
				9DC671C11BF776AE00AD02ED /* DigitsKitResources.bundle */,
				9DC671C21BF776AE00AD02ED /* TwitterCore.framework */,
			);
			name = Digits;
			sourceTree = "<group>";
		};
		9DA7C3121BF905F70004C9BA /* Others */ = {
			isa = PBXGroup;
			children = (
				9DA7C30B1BF8FE9E0004C9BA /* libsqlite3.tbd */,
				9DA7C3091BF8FE950004C9BA /* libz.tbd */,
				9DA7C3071BF8FE830004C9BA /* SystemConfiguration.framework */,
				9DA7C3051BF8FE790004C9BA /* StoreKit.framework */,
				9DA7C3031BF8FE6F0004C9BA /* Security.framework */,
				9DA7C3011BF8FE650004C9BA /* QuartzCore.framework */,
				9DA7C2FF1BF8FE5C0004C9BA /* CoreLocation.framework */,
				9DA7C2FD1BF8FE520004C9BA /* CoreGraphics.framework */,
				9DA7C2FB1BF8FE480004C9BA /* CFNetwork.framework */,
				9DA7C2F91BF8FE310004C9BA /* AudioToolbox.framework */,
			);
			name = Others;
			sourceTree = "<group>";
		};
		9DA7C3131BF90F510004C9BA /* Custom */ = {
			isa = PBXGroup;
			children = (
				9DA7C3141BF90F750004C9BA /* AddButton.h */,
				9DA7C3151BF90F750004C9BA /* AddButton.m */,
			);
			name = Custom;
			sourceTree = "<group>";
		};
		9DAA635C1BFC339900924BAC /* NavigationBar */ = {
			isa = PBXGroup;
			children = (
				9DAA635D1BFC33AF00924BAC /* UINavigationBar+Awesome.h */,
				9DAA635E1BFC33AF00924BAC /* UINavigationBar+Awesome.m */,
			);
			name = NavigationBar;
			sourceTree = "<group>";
		};
		9DF0A4DF1BF1A8130043B95F = {
			isa = PBXGroup;
			children = (
				9DF0A4EA1BF1A8140043B95F /* WithMe */,
				9DF0A4E91BF1A8140043B95F /* Products */,
			);
			sourceTree = "<group>";
		};
		9DF0A4E91BF1A8140043B95F /* Products */ = {
			isa = PBXGroup;
			children = (
				9DF0A4E81BF1A8140043B95F /* WithMe.app */,
			);
			name = Products;
			sourceTree = "<group>";
		};
		9DF0A4EA1BF1A8140043B95F /* WithMe */ = {
			isa = PBXGroup;
			children = (
				4E00FF891BF54B3400F537B8 /* Libs */,
				4EBF24A51BF4D29000D436ED /* Util */,
				9DF0A5061BF1AD960043B95F /* Classes */,
				9DF0A5021BF1AB830043B95F /* Controllers */,
				9DF0A4EE1BF1A8140043B95F /* AppDelegate.h */,
				9DF0A4EF1BF1A8140043B95F /* AppDelegate.m */,
				9DF0A4F11BF1A8140043B95F /* ViewController.h */,
				9DF0A4F21BF1A8140043B95F /* ViewController.m */,
				9DF0A4F41BF1A8140043B95F /* Main.storyboard */,
				9DF0A4F71BF1A8140043B95F /* Assets.xcassets */,
				9DF0A4F91BF1A8140043B95F /* LaunchScreen.storyboard */,
				9DF0A4FC1BF1A8140043B95F /* Info.plist */,
				9DF0A4EB1BF1A8140043B95F /* Supporting Files */,
			);
			path = WithMe;
			sourceTree = "<group>";
		};
		9DF0A4EB1BF1A8140043B95F /* Supporting Files */ = {
			isa = PBXGroup;
			children = (
				9DF0A4EC1BF1A8140043B95F /* main.m */,
			);
			name = "Supporting Files";
			sourceTree = "<group>";
		};
		9DF0A5021BF1AB830043B95F /* Controllers */ = {
			isa = PBXGroup;
			children = (
				9DF0A5031BF1ABB60043B95F /* SearchTableViewController.h */,
				9DF0A5041BF1ABB60043B95F /* SearchTableViewController.m */,
				9DC671C71BF7788A00AD02ED /* LoginViewController.h */,
				9DC671C81BF7788A00AD02ED /* LoginViewController.m */,
				9DA7C3171BF915340004C9BA /* TasksTableViewController.h */,
				9DA7C3181BF915340004C9BA /* TasksTableViewController.m */,
				9DFB1A9C1BFAD009008857EA /* MovieViewController.h */,
				9DFB1A9D1BFAD009008857EA /* MovieViewController.m */,
			);
			name = Controllers;
			sourceTree = "<group>";
		};
		9DF0A5061BF1AD960043B95F /* Classes */ = {
			isa = PBXGroup;
			children = (
				9DF0A5071BF1ADEB0043B95F /* Movie.h */,
				9DF0A5081BF1ADEB0043B95F /* Movie.m */,
			);
			name = Classes;
			sourceTree = "<group>";
		};
/* End PBXGroup section */

/* Begin PBXNativeTarget section */
		9DF0A4E71BF1A8130043B95F /* WithMe */ = {
			isa = PBXNativeTarget;
			buildConfigurationList = 9DF0A4FF1BF1A8140043B95F /* Build configuration list for PBXNativeTarget "WithMe" */;
			buildPhases = (
				9DF0A4E41BF1A8130043B95F /* Sources */,
				9DF0A4E51BF1A8130043B95F /* Frameworks */,
				9DF0A4E61BF1A8130043B95F /* Resources */,
				9DC671BE1BF7756100AD02ED /* ShellScript */,
			);
			buildRules = (
			);
			dependencies = (
			);
			name = WithMe;
			productName = WithMe;
			productReference = 9DF0A4E81BF1A8140043B95F /* WithMe.app */;
			productType = "com.apple.product-type.application";
		};
/* End PBXNativeTarget section */

/* Begin PBXProject section */
		9DF0A4E01BF1A8130043B95F /* Project object */ = {
			isa = PBXProject;
			attributes = {
				LastUpgradeCheck = 0710;
				ORGANIZATIONNAME = "Daniel Alvarez";
				TargetAttributes = {
					9DF0A4E71BF1A8130043B95F = {
						CreatedOnToolsVersion = 7.1;
						DevelopmentTeam = WUPQR42HTQ;
					};
				};
			};
			buildConfigurationList = 9DF0A4E31BF1A8130043B95F /* Build configuration list for PBXProject "WithMe" */;
			compatibilityVersion = "Xcode 3.2";
			developmentRegion = English;
			hasScannedForEncodings = 0;
			knownRegions = (
				en,
				Base,
			);
			mainGroup = 9DF0A4DF1BF1A8130043B95F;
			productRefGroup = 9DF0A4E91BF1A8140043B95F /* Products */;
			projectDirPath = "";
			projectRoot = "";
			targets = (
				9DF0A4E71BF1A8130043B95F /* WithMe */,
			);
		};
/* End PBXProject section */

/* Begin PBXResourcesBuildPhase section */
		9DF0A4E61BF1A8130043B95F /* Resources */ = {
			isa = PBXResourcesBuildPhase;
			buildActionMask = 2147483647;
			files = (
				9DC671C51BF776AE00AD02ED /* DigitsKitResources.bundle in Resources */,
				9DF0A4FB1BF1A8140043B95F /* LaunchScreen.storyboard in Resources */,
				9DF0A4F81BF1A8140043B95F /* Assets.xcassets in Resources */,
				9DF0A4F61BF1A8140043B95F /* Main.storyboard in Resources */,
			);
			runOnlyForDeploymentPostprocessing = 0;
		};
/* End PBXResourcesBuildPhase section */

/* Begin PBXShellScriptBuildPhase section */
		9DC671BE1BF7756100AD02ED /* ShellScript */ = {
			isa = PBXShellScriptBuildPhase;
			buildActionMask = 2147483647;
			files = (
			);
			inputPaths = (
			);
			outputPaths = (
			);
			runOnlyForDeploymentPostprocessing = 0;
			shellPath = /bin/sh;
			shellScript = "./Fabric.framework/run 14c760c0d0631fe63e39c6111fb3cbff14432bef c87e0906f82637468bd0f6b8321b0fca41cf9a945793e7ad7687a62c9d5963ad";
		};
/* End PBXShellScriptBuildPhase section */

/* Begin PBXSourcesBuildPhase section */
		9DF0A4E41BF1A8130043B95F /* Sources */ = {
			isa = PBXSourcesBuildPhase;
			buildActionMask = 2147483647;
			files = (
				4E00FFB01BF665AF00F537B8 /* SDWebImageDecoder.m in Sources */,
				9DFB1A9E1BFAD009008857EA /* MovieViewController.m in Sources */,
				4E00FFB31BF665AF00F537B8 /* SDWebImageManager.m in Sources */,
				4E00FFAD1BF665AF00F537B8 /* NSData+ImageContentType.m in Sources */,
				4E00FFAF1BF665AF00F537B8 /* SDWebImageCompat.m in Sources */,
				9DC671C91BF7788A00AD02ED /* LoginViewController.m in Sources */,
				4E00FFBB1BF665AF00F537B8 /* UIView+WebCacheOperation.m in Sources */,
				4E00FFB81BF665AF00F537B8 /* UIImage+WebP.m in Sources */,
				9DF0A4F31BF1A8140043B95F /* ViewController.m in Sources */,
				4E00FFB91BF665AF00F537B8 /* UIImageView+HighlightedWebCache.m in Sources */,
				9DF0A4F01BF1A8140043B95F /* AppDelegate.m in Sources */,
				9DF0A5091BF1ADEB0043B95F /* Movie.m in Sources */,
				4E00FFB51BF665AF00F537B8 /* UIButton+WebCache.m in Sources */,
				4E00FFB41BF665AF00F537B8 /* SDWebImagePrefetcher.m in Sources */,
				4E00FFB21BF665AF00F537B8 /* SDWebImageDownloaderOperation.m in Sources */,
				4EBF24AE1BF4D64200D436ED /* Constants.m in Sources */,
				9DF0A4ED1BF1A8140043B95F /* main.m in Sources */,
				4E00FFB71BF665AF00F537B8 /* UIImage+MultiFormat.m in Sources */,
				9DA7C3191BF915340004C9BA /* TasksTableViewController.m in Sources */,
				9DF0A5051BF1ABB60043B95F /* SearchTableViewController.m in Sources */,
				4E00FFAE1BF665AF00F537B8 /* SDImageCache.m in Sources */,
				4EBF24A81BF4D61600D436ED /* Util.m in Sources */,
				4EBF24AB1BF4D62D00D436ED /* WS.m in Sources */,
				4E00FFB61BF665AF00F537B8 /* UIImage+GIF.m in Sources */,
				4E00FFB11BF665AF00F537B8 /* SDWebImageDownloader.m in Sources */,
				9DAA635F1BFC33AF00924BAC /* UINavigationBar+Awesome.m in Sources */,
				9DA7C3161BF90F750004C9BA /* AddButton.m in Sources */,
				4E00FFBA1BF665AF00F537B8 /* UIImageView+WebCache.m in Sources */,
				4E00FFAC1BF665AF00F537B8 /* MKAnnotationView+WebCache.m in Sources */,
				9DC671CC1BF795CE00AD02ED /* UIColor+WithMe.m in Sources */,
				9DA7C3101BF904380004C9BA /* PFUser+Digits.m in Sources */,
			);
			runOnlyForDeploymentPostprocessing = 0;
		};
/* End PBXSourcesBuildPhase section */

/* Begin PBXVariantGroup section */
		9DF0A4F41BF1A8140043B95F /* Main.storyboard */ = {
			isa = PBXVariantGroup;
			children = (
				9DF0A4F51BF1A8140043B95F /* Base */,
			);
			name = Main.storyboard;
			sourceTree = "<group>";
		};
		9DF0A4F91BF1A8140043B95F /* LaunchScreen.storyboard */ = {
			isa = PBXVariantGroup;
			children = (
				9DF0A4FA1BF1A8140043B95F /* Base */,
			);
			name = LaunchScreen.storyboard;
			sourceTree = "<group>";
		};
/* End PBXVariantGroup section */

/* Begin XCBuildConfiguration section */
		9DF0A4FD1BF1A8140043B95F /* Debug */ = {
			isa = XCBuildConfiguration;
			buildSettings = {
				ALWAYS_SEARCH_USER_PATHS = NO;
				CLANG_CXX_LANGUAGE_STANDARD = "gnu++0x";
				CLANG_CXX_LIBRARY = "libc++";
				CLANG_ENABLE_MODULES = YES;
				CLANG_ENABLE_OBJC_ARC = YES;
				CLANG_WARN_BOOL_CONVERSION = YES;
				CLANG_WARN_CONSTANT_CONVERSION = YES;
				CLANG_WARN_DIRECT_OBJC_ISA_USAGE = YES_ERROR;
				CLANG_WARN_EMPTY_BODY = YES;
				CLANG_WARN_ENUM_CONVERSION = YES;
				CLANG_WARN_INT_CONVERSION = YES;
				CLANG_WARN_OBJC_ROOT_CLASS = YES_ERROR;
				CLANG_WARN_UNREACHABLE_CODE = YES;
				CLANG_WARN__DUPLICATE_METHOD_MATCH = YES;
				"CODE_SIGN_IDENTITY[sdk=iphoneos*]" = "iPhone Developer";
				COPY_PHASE_STRIP = NO;
				DEBUG_INFORMATION_FORMAT = dwarf;
				ENABLE_STRICT_OBJC_MSGSEND = YES;
				ENABLE_TESTABILITY = YES;
				GCC_C_LANGUAGE_STANDARD = gnu99;
				GCC_DYNAMIC_NO_PIC = NO;
				GCC_NO_COMMON_BLOCKS = YES;
				GCC_OPTIMIZATION_LEVEL = 0;
				GCC_PREPROCESSOR_DEFINITIONS = (
					"DEBUG=1",
					"$(inherited)",
				);
				GCC_WARN_64_TO_32_BIT_CONVERSION = YES;
				GCC_WARN_ABOUT_RETURN_TYPE = YES_ERROR;
				GCC_WARN_UNDECLARED_SELECTOR = YES;
				GCC_WARN_UNINITIALIZED_AUTOS = YES_AGGRESSIVE;
				GCC_WARN_UNUSED_FUNCTION = YES;
				GCC_WARN_UNUSED_VARIABLE = YES;
				IPHONEOS_DEPLOYMENT_TARGET = 9.1;
				MTL_ENABLE_DEBUG_INFO = YES;
				ONLY_ACTIVE_ARCH = YES;
				SDKROOT = iphoneos;
			};
			name = Debug;
		};
		9DF0A4FE1BF1A8140043B95F /* Release */ = {
			isa = XCBuildConfiguration;
			buildSettings = {
				ALWAYS_SEARCH_USER_PATHS = NO;
				CLANG_CXX_LANGUAGE_STANDARD = "gnu++0x";
				CLANG_CXX_LIBRARY = "libc++";
				CLANG_ENABLE_MODULES = YES;
				CLANG_ENABLE_OBJC_ARC = YES;
				CLANG_WARN_BOOL_CONVERSION = YES;
				CLANG_WARN_CONSTANT_CONVERSION = YES;
				CLANG_WARN_DIRECT_OBJC_ISA_USAGE = YES_ERROR;
				CLANG_WARN_EMPTY_BODY = YES;
				CLANG_WARN_ENUM_CONVERSION = YES;
				CLANG_WARN_INT_CONVERSION = YES;
				CLANG_WARN_OBJC_ROOT_CLASS = YES_ERROR;
				CLANG_WARN_UNREACHABLE_CODE = YES;
				CLANG_WARN__DUPLICATE_METHOD_MATCH = YES;
				"CODE_SIGN_IDENTITY[sdk=iphoneos*]" = "iPhone Developer";
				COPY_PHASE_STRIP = NO;
				DEBUG_INFORMATION_FORMAT = "dwarf-with-dsym";
				ENABLE_NS_ASSERTIONS = NO;
				ENABLE_STRICT_OBJC_MSGSEND = YES;
				GCC_C_LANGUAGE_STANDARD = gnu99;
				GCC_NO_COMMON_BLOCKS = YES;
				GCC_WARN_64_TO_32_BIT_CONVERSION = YES;
				GCC_WARN_ABOUT_RETURN_TYPE = YES_ERROR;
				GCC_WARN_UNDECLARED_SELECTOR = YES;
				GCC_WARN_UNINITIALIZED_AUTOS = YES_AGGRESSIVE;
				GCC_WARN_UNUSED_FUNCTION = YES;
				GCC_WARN_UNUSED_VARIABLE = YES;
				IPHONEOS_DEPLOYMENT_TARGET = 9.1;
				MTL_ENABLE_DEBUG_INFO = NO;
				SDKROOT = iphoneos;
				VALIDATE_PRODUCT = YES;
			};
			name = Release;
		};
		9DF0A5001BF1A8140043B95F /* Debug */ = {
			isa = XCBuildConfiguration;
			buildSettings = {
				ASSETCATALOG_COMPILER_APPICON_NAME = AppIcon;
				CODE_SIGN_IDENTITY = "iPhone Developer";
				FRAMEWORK_SEARCH_PATHS = (
					"$(inherited)",
					"$(PROJECT_DIR)",
					"$(PROJECT_DIR)/WithMe",
				);
				INFOPLIST_FILE = WithMe/Info.plist;
				LD_RUNPATH_SEARCH_PATHS = "$(inherited) @executable_path/Frameworks";
				PRODUCT_BUNDLE_IDENTIFIER = com.danyalvarez.WithMe;
				PRODUCT_NAME = "$(TARGET_NAME)";
			};
			name = Debug;
		};
		9DF0A5011BF1A8140043B95F /* Release */ = {
			isa = XCBuildConfiguration;
			buildSettings = {
				ASSETCATALOG_COMPILER_APPICON_NAME = AppIcon;
				CODE_SIGN_IDENTITY = "iPhone Developer";
				FRAMEWORK_SEARCH_PATHS = (
					"$(inherited)",
					"$(PROJECT_DIR)",
					"$(PROJECT_DIR)/WithMe",
				);
				INFOPLIST_FILE = WithMe/Info.plist;
				LD_RUNPATH_SEARCH_PATHS = "$(inherited) @executable_path/Frameworks";
				PRODUCT_BUNDLE_IDENTIFIER = com.danyalvarez.WithMe;
				PRODUCT_NAME = "$(TARGET_NAME)";
			};
			name = Release;
		};
/* End XCBuildConfiguration section */

/* Begin XCConfigurationList section */
		9DF0A4E31BF1A8130043B95F /* Build configuration list for PBXProject "WithMe" */ = {
			isa = XCConfigurationList;
			buildConfigurations = (
				9DF0A4FD1BF1A8140043B95F /* Debug */,
				9DF0A4FE1BF1A8140043B95F /* Release */,
			);
			defaultConfigurationIsVisible = 0;
			defaultConfigurationName = Release;
		};
		9DF0A4FF1BF1A8140043B95F /* Build configuration list for PBXNativeTarget "WithMe" */ = {
			isa = XCConfigurationList;
			buildConfigurations = (
				9DF0A5001BF1A8140043B95F /* Debug */,
				9DF0A5011BF1A8140043B95F /* Release */,
			);
			defaultConfigurationIsVisible = 0;
			defaultConfigurationName = Release;
		};
/* End XCConfigurationList section */
	};
	rootObject = 9DF0A4E01BF1A8130043B95F /* Project object */;
}
