// !$*UTF8*$!
{
	archiveVersion = 1;
	classes = {
	};
	objectVersion = 46;
	objects = {

/* Begin PBXBuildFile section */
		9DF0A4ED1BF1A8140043B95F /* main.m in Sources */ = {isa = PBXBuildFile; fileRef = 9DF0A4EC1BF1A8140043B95F /* main.m */; };
		9DF0A4F01BF1A8140043B95F /* AppDelegate.m in Sources */ = {isa = PBXBuildFile; fileRef = 9DF0A4EF1BF1A8140043B95F /* AppDelegate.m */; };
		9DF0A4F31BF1A8140043B95F /* ViewController.m in Sources */ = {isa = PBXBuildFile; fileRef = 9DF0A4F21BF1A8140043B95F /* ViewController.m */; };
		9DF0A4F61BF1A8140043B95F /* Main.storyboard in Resources */ = {isa = PBXBuildFile; fileRef = 9DF0A4F41BF1A8140043B95F /* Main.storyboard */; };
		9DF0A4F81BF1A8140043B95F /* Assets.xcassets in Resources */ = {isa = PBXBuildFile; fileRef = 9DF0A4F71BF1A8140043B95F /* Assets.xcassets */; };
		9DF0A4FB1BF1A8140043B95F /* LaunchScreen.storyboard in Resources */ = {isa = PBXBuildFile; fileRef = 9DF0A4F91BF1A8140043B95F /* LaunchScreen.storyboard */; };
		9DF0A5051BF1ABB60043B95F /* SearchTableViewController.m in Sources */ = {isa = PBXBuildFile; fileRef = 9DF0A5041BF1ABB60043B95F /* SearchTableViewController.m */; };
		9DF0A5091BF1ADEB0043B95F /* Movie.m in Sources */ = {isa = PBXBuildFile; fileRef = 9DF0A5081BF1ADEB0043B95F /* Movie.m */; };
/* End PBXBuildFile section */

/* Begin PBXFileReference section */
		9DF0A4E81BF1A8140043B95F /* WithMe.app */ = {isa = PBXFileReference; explicitFileType = wrapper.application; includeInIndex = 0; path = WithMe.app; sourceTree = BUILT_PRODUCTS_DIR; };
		9DF0A4EC1BF1A8140043B95F /* main.m */ = {isa = PBXFileReference; lastKnownFileType = sourcecode.c.objc; path = main.m; sourceTree = "<group>"; };
		9DF0A4EE1BF1A8140043B95F /* AppDelegate.h */ = {isa = PBXFileReference; lastKnownFileType = sourcecode.c.h; path = AppDelegate.h; sourceTree = "<group>"; };
		9DF0A4EF1BF1A8140043B95F /* AppDelegate.m */ = {isa = PBXFileReference; lastKnownFileType = sourcecode.c.objc; path = AppDelegate.m; sourceTree = "<group>"; };
		9DF0A4F11BF1A8140043B95F /* ViewController.h */ = {isa = PBXFileReference; lastKnownFileType = sourcecode.c.h; path = ViewController.h; sourceTree = "<group>"; };
		9DF0A4F21BF1A8140043B95F /* ViewController.m */ = {isa = PBXFileReference; lastKnownFileType = sourcecode.c.objc; path = ViewController.m; sourceTree = "<group>"; };
		9DF0A4F51BF1A8140043B95F /* Base */ = {isa = PBXFileReference; lastKnownFileType = file.storyboard; name = Base; path = Base.lproj/Main.storyboard; sourceTree = "<group>"; };
		9DF0A4F71BF1A8140043B95F /* Assets.xcassets */ = {isa = PBXFileReference; lastKnownFileType = folder.assetcatalog; path = Assets.xcassets; sourceTree = "<group>"; };
		9DF0A4FA1BF1A8140043B95F /* Base */ = {isa = PBXFileReference; lastKnownFileType = file.storyboard; name = Base; path = Base.lproj/LaunchScreen.storyboard; sourceTree = "<group>"; };
		9DF0A4FC1BF1A8140043B95F /* Info.plist */ = {isa = PBXFileReference; lastKnownFileType = text.plist.xml; path = Info.plist; sourceTree = "<group>"; };
		9DF0A5031BF1ABB60043B95F /* SearchTableViewController.h */ = {isa = PBXFileReference; fileEncoding = 4; lastKnownFileType = sourcecode.c.h; name = SearchTableViewController.h; path = Controllers/SearchTableViewController.h; sourceTree = "<group>"; };
		9DF0A5041BF1ABB60043B95F /* SearchTableViewController.m */ = {isa = PBXFileReference; fileEncoding = 4; lastKnownFileType = sourcecode.c.objc; name = SearchTableViewController.m; path = Controllers/SearchTableViewController.m; sourceTree = "<group>"; };
		9DF0A5071BF1ADEB0043B95F /* Movie.h */ = {isa = PBXFileReference; fileEncoding = 4; lastKnownFileType = sourcecode.c.h; name = Movie.h; path = Classes/Movie.h; sourceTree = "<group>"; };
		9DF0A5081BF1ADEB0043B95F /* Movie.m */ = {isa = PBXFileReference; fileEncoding = 4; lastKnownFileType = sourcecode.c.objc; name = Movie.m; path = Classes/Movie.m; sourceTree = "<group>"; };
/* End PBXFileReference section */

/* Begin PBXFrameworksBuildPhase section */
		9DF0A4E51BF1A8130043B95F /* Frameworks */ = {
			isa = PBXFrameworksBuildPhase;
			buildActionMask = 2147483647;
			files = (
			);
			runOnlyForDeploymentPostprocessing = 0;
		};
/* End PBXFrameworksBuildPhase section */

/* Begin PBXGroup section */
		9DF0A4DF1BF1A8130043B95F = {
			isa = PBXGroup;
			children = (
				9DF0A4EA1BF1A8140043B95F /* WithMe */,
				9DF0A4E91BF1A8140043B95F /* Products */,
			);
			sourceTree = "<group>";
		};
		9DF0A4E91BF1A8140043B95F /* Products */ = {
			isa = PBXGroup;
			children = (
				9DF0A4E81BF1A8140043B95F /* WithMe.app */,
			);
			name = Products;
			sourceTree = "<group>";
		};
		9DF0A4EA1BF1A8140043B95F /* WithMe */ = {
			isa = PBXGroup;
			children = (
				9DF0A5061BF1AD960043B95F /* Classes */,
				9DF0A5021BF1AB830043B95F /* Controllers */,
				9DF0A4EE1BF1A8140043B95F /* AppDelegate.h */,
				9DF0A4EF1BF1A8140043B95F /* AppDelegate.m */,
				9DF0A4F11BF1A8140043B95F /* ViewController.h */,
				9DF0A4F21BF1A8140043B95F /* ViewController.m */,
				9DF0A4F41BF1A8140043B95F /* Main.storyboard */,
				9DF0A4F71BF1A8140043B95F /* Assets.xcassets */,
				9DF0A4F91BF1A8140043B95F /* LaunchScreen.storyboard */,
				9DF0A4FC1BF1A8140043B95F /* Info.plist */,
				9DF0A4EB1BF1A8140043B95F /* Supporting Files */,
			);
			path = WithMe;
			sourceTree = "<group>";
		};
		9DF0A4EB1BF1A8140043B95F /* Supporting Files */ = {
			isa = PBXGroup;
			children = (
				9DF0A4EC1BF1A8140043B95F /* main.m */,
			);
			name = "Supporting Files";
			sourceTree = "<group>";
		};
		9DF0A5021BF1AB830043B95F /* Controllers */ = {
			isa = PBXGroup;
			children = (
				9DF0A5031BF1ABB60043B95F /* SearchTableViewController.h */,
				9DF0A5041BF1ABB60043B95F /* SearchTableViewController.m */,
			);
			name = Controllers;
			sourceTree = "<group>";
		};
		9DF0A5061BF1AD960043B95F /* Classes */ = {
			isa = PBXGroup;
			children = (
				9DF0A5071BF1ADEB0043B95F /* Movie.h */,
				9DF0A5081BF1ADEB0043B95F /* Movie.m */,
			);
			name = Classes;
			sourceTree = "<group>";
		};
/* End PBXGroup section */

/* Begin PBXNativeTarget section */
		9DF0A4E71BF1A8130043B95F /* WithMe */ = {
			isa = PBXNativeTarget;
			buildConfigurationList = 9DF0A4FF1BF1A8140043B95F /* Build configuration list for PBXNativeTarget "WithMe" */;
			buildPhases = (
				9DF0A4E41BF1A8130043B95F /* Sources */,
				9DF0A4E51BF1A8130043B95F /* Frameworks */,
				9DF0A4E61BF1A8130043B95F /* Resources */,
			);
			buildRules = (
			);
			dependencies = (
			);
			name = WithMe;
			productName = WithMe;
			productReference = 9DF0A4E81BF1A8140043B95F /* WithMe.app */;
			productType = "com.apple.product-type.application";
		};
/* End PBXNativeTarget section */

/* Begin PBXProject section */
		9DF0A4E01BF1A8130043B95F /* Project object */ = {
			isa = PBXProject;
			attributes = {
				LastUpgradeCheck = 0710;
				ORGANIZATIONNAME = "Daniel Alvarez";
				TargetAttributes = {
					9DF0A4E71BF1A8130043B95F = {
						CreatedOnToolsVersion = 7.1;
					};
				};
			};
			buildConfigurationList = 9DF0A4E31BF1A8130043B95F /* Build configuration list for PBXProject "WithMe" */;
			compatibilityVersion = "Xcode 3.2";
			developmentRegion = English;
			hasScannedForEncodings = 0;
			knownRegions = (
				en,
				Base,
			);
			mainGroup = 9DF0A4DF1BF1A8130043B95F;
			productRefGroup = 9DF0A4E91BF1A8140043B95F /* Products */;
			projectDirPath = "";
			projectRoot = "";
			targets = (
				9DF0A4E71BF1A8130043B95F /* WithMe */,
			);
		};
/* End PBXProject section */

/* Begin PBXResourcesBuildPhase section */
		9DF0A4E61BF1A8130043B95F /* Resources */ = {
			isa = PBXResourcesBuildPhase;
			buildActionMask = 2147483647;
			files = (
				9DF0A4FB1BF1A8140043B95F /* LaunchScreen.storyboard in Resources */,
				9DF0A4F81BF1A8140043B95F /* Assets.xcassets in Resources */,
				9DF0A4F61BF1A8140043B95F /* Main.storyboard in Resources */,
			);
			runOnlyForDeploymentPostprocessing = 0;
		};
/* End PBXResourcesBuildPhase section */

/* Begin PBXSourcesBuildPhase section */
		9DF0A4E41BF1A8130043B95F /* Sources */ = {
			isa = PBXSourcesBuildPhase;
			buildActionMask = 2147483647;
			files = (
				9DF0A4F31BF1A8140043B95F /* ViewController.m in Sources */,
				9DF0A4F01BF1A8140043B95F /* AppDelegate.m in Sources */,
				9DF0A5091BF1ADEB0043B95F /* Movie.m in Sources */,
				9DF0A4ED1BF1A8140043B95F /* main.m in Sources */,
				9DF0A5051BF1ABB60043B95F /* SearchTableViewController.m in Sources */,
			);
			runOnlyForDeploymentPostprocessing = 0;
		};
/* End PBXSourcesBuildPhase section */

/* Begin PBXVariantGroup section */
		9DF0A4F41BF1A8140043B95F /* Main.storyboard */ = {
			isa = PBXVariantGroup;
			children = (
				9DF0A4F51BF1A8140043B95F /* Base */,
			);
			name = Main.storyboard;
			sourceTree = "<group>";
		};
		9DF0A4F91BF1A8140043B95F /* LaunchScreen.storyboard */ = {
			isa = PBXVariantGroup;
			children = (
				9DF0A4FA1BF1A8140043B95F /* Base */,
			);
			name = LaunchScreen.storyboard;
			sourceTree = "<group>";
		};
/* End PBXVariantGroup section */

/* Begin XCBuildConfiguration section */
		9DF0A4FD1BF1A8140043B95F /* Debug */ = {
			isa = XCBuildConfiguration;
			buildSettings = {
				ALWAYS_SEARCH_USER_PATHS = NO;
				CLANG_CXX_LANGUAGE_STANDARD = "gnu++0x";
				CLANG_CXX_LIBRARY = "libc++";
				CLANG_ENABLE_MODULES = YES;
				CLANG_ENABLE_OBJC_ARC = YES;
				CLANG_WARN_BOOL_CONVERSION = YES;
				CLANG_WARN_CONSTANT_CONVERSION = YES;
				CLANG_WARN_DIRECT_OBJC_ISA_USAGE = YES_ERROR;
				CLANG_WARN_EMPTY_BODY = YES;
				CLANG_WARN_ENUM_CONVERSION = YES;
				CLANG_WARN_INT_CONVERSION = YES;
				CLANG_WARN_OBJC_ROOT_CLASS = YES_ERROR;
				CLANG_WARN_UNREACHABLE_CODE = YES;
				CLANG_WARN__DUPLICATE_METHOD_MATCH = YES;
				"CODE_SIGN_IDENTITY[sdk=iphoneos*]" = "iPhone Developer";
				COPY_PHASE_STRIP = NO;
				DEBUG_INFORMATION_FORMAT = dwarf;
				ENABLE_STRICT_OBJC_MSGSEND = YES;
				ENABLE_TESTABILITY = YES;
				GCC_C_LANGUAGE_STANDARD = gnu99;
				GCC_DYNAMIC_NO_PIC = NO;
				GCC_NO_COMMON_BLOCKS = YES;
				GCC_OPTIMIZATION_LEVEL = 0;
				GCC_PREPROCESSOR_DEFINITIONS = (
					"DEBUG=1",
					"$(inherited)",
				);
				GCC_WARN_64_TO_32_BIT_CONVERSION = YES;
				GCC_WARN_ABOUT_RETURN_TYPE = YES_ERROR;
				GCC_WARN_UNDECLARED_SELECTOR = YES;
				GCC_WARN_UNINITIALIZED_AUTOS = YES_AGGRESSIVE;
				GCC_WARN_UNUSED_FUNCTION = YES;
				GCC_WARN_UNUSED_VARIABLE = YES;
				IPHONEOS_DEPLOYMENT_TARGET = 9.1;
				MTL_ENABLE_DEBUG_INFO = YES;
				ONLY_ACTIVE_ARCH = YES;
				SDKROOT = iphoneos;
			};
			name = Debug;
		};
		9DF0A4FE1BF1A8140043B95F /* Release */ = {
			isa = XCBuildConfiguration;
			buildSettings = {
				ALWAYS_SEARCH_USER_PATHS = NO;
				CLANG_CXX_LANGUAGE_STANDARD = "gnu++0x";
				CLANG_CXX_LIBRARY = "libc++";
				CLANG_ENABLE_MODULES = YES;
				CLANG_ENABLE_OBJC_ARC = YES;
				CLANG_WARN_BOOL_CONVERSION = YES;
				CLANG_WARN_CONSTANT_CONVERSION = YES;
				CLANG_WARN_DIRECT_OBJC_ISA_USAGE = YES_ERROR;
				CLANG_WARN_EMPTY_BODY = YES;
				CLANG_WARN_ENUM_CONVERSION = YES;
				CLANG_WARN_INT_CONVERSION = YES;
				CLANG_WARN_OBJC_ROOT_CLASS = YES_ERROR;
				CLANG_WARN_UNREACHABLE_CODE = YES;
				CLANG_WARN__DUPLICATE_METHOD_MATCH = YES;
				"CODE_SIGN_IDENTITY[sdk=iphoneos*]" = "iPhone Developer";
				COPY_PHASE_STRIP = NO;
				DEBUG_INFORMATION_FORMAT = "dwarf-with-dsym";
				ENABLE_NS_ASSERTIONS = NO;
				ENABLE_STRICT_OBJC_MSGSEND = YES;
				GCC_C_LANGUAGE_STANDARD = gnu99;
				GCC_NO_COMMON_BLOCKS = YES;
				GCC_WARN_64_TO_32_BIT_CONVERSION = YES;
				GCC_WARN_ABOUT_RETURN_TYPE = YES_ERROR;
				GCC_WARN_UNDECLARED_SELECTOR = YES;
				GCC_WARN_UNINITIALIZED_AUTOS = YES_AGGRESSIVE;
				GCC_WARN_UNUSED_FUNCTION = YES;
				GCC_WARN_UNUSED_VARIABLE = YES;
				IPHONEOS_DEPLOYMENT_TARGET = 9.1;
				MTL_ENABLE_DEBUG_INFO = NO;
				SDKROOT = iphoneos;
				VALIDATE_PRODUCT = YES;
			};
			name = Release;
		};
		9DF0A5001BF1A8140043B95F /* Debug */ = {
			isa = XCBuildConfiguration;
			buildSettings = {
				ASSETCATALOG_COMPILER_APPICON_NAME = AppIcon;
				INFOPLIST_FILE = WithMe/Info.plist;
				LD_RUNPATH_SEARCH_PATHS = "$(inherited) @executable_path/Frameworks";
				PRODUCT_BUNDLE_IDENTIFIER = com.danyalvarez.WithMe;
				PRODUCT_NAME = "$(TARGET_NAME)";
			};
			name = Debug;
		};
		9DF0A5011BF1A8140043B95F /* Release */ = {
			isa = XCBuildConfiguration;
			buildSettings = {
				ASSETCATALOG_COMPILER_APPICON_NAME = AppIcon;
				INFOPLIST_FILE = WithMe/Info.plist;
				LD_RUNPATH_SEARCH_PATHS = "$(inherited) @executable_path/Frameworks";
				PRODUCT_BUNDLE_IDENTIFIER = com.danyalvarez.WithMe;
				PRODUCT_NAME = "$(TARGET_NAME)";
			};
			name = Release;
		};
/* End XCBuildConfiguration section */

/* Begin XCConfigurationList section */
		9DF0A4E31BF1A8130043B95F /* Build configuration list for PBXProject "WithMe" */ = {
			isa = XCConfigurationList;
			buildConfigurations = (
				9DF0A4FD1BF1A8140043B95F /* Debug */,
				9DF0A4FE1BF1A8140043B95F /* Release */,
			);
			defaultConfigurationIsVisible = 0;
			defaultConfigurationName = Release;
		};
		9DF0A4FF1BF1A8140043B95F /* Build configuration list for PBXNativeTarget "WithMe" */ = {
			isa = XCConfigurationList;
			buildConfigurations = (
				9DF0A5001BF1A8140043B95F /* Debug */,
				9DF0A5011BF1A8140043B95F /* Release */,
			);
			defaultConfigurationIsVisible = 0;
		};
/* End XCConfigurationList section */
	};
	rootObject = 9DF0A4E01BF1A8130043B95F /* Project object */;
}
